<?xml version="1.0" encoding="UTF-8"?>
<CONFIG>
  <ProjectOptions>
    <Version Value="12"/>
    <General><MainUnit Value="0"/><Title Value="NexusScriptEditorDemo"/><UseAppBundle Value="False"/></General>
    <Units Count="2">
      <Unit0><Filename Value="NexusScriptEditorDemo.lpr"/><IsPartOfProject Value="True"/></Unit0>
      <Unit1><Filename Value="uiNXScriptEditorDemo.pas"/><IsPartOfProject Value="True"/></Unit1>
    </Units>
  </ProjectOptions>
  <CompilerOptions>
    <Version Value="11"/>
    <Target><Filename Value="../../../../../output/NexusScriptEditorDemo/$(TargetCPU)-$(TargetOS)/NexusScriptEditorDemo"/></Target>
    <SearchPaths>
      <IncludeFiles Value="$(ProjOutDir);../../external/fpgui/framework/src/main/pascal/corelib;../../external/fpgui/framework/src/main/pascal/corelib/gdi;../../external/fpgui/framework/src/main/resources"/>
      <OtherUnitFiles Value=".;../../src;../../src/vtv;../../../nxscript/src;../../../serialization/src;../../../serialization/json/src;../../../db/sqlite/src/bindings;../../../network/json-rpc/src;../../../core/src;../../../../../packages/nexus-packages-ext/mustache/external/dmustache;../../external/fpgui/framework/src/main/pascal/corelib;../../external/fpgui/framework/src/main/pascal/corelib/render/software;../../external/fpgui/framework/src/main/pascal/corelib/gdi;../../external/fpgui/framework/src/main/pascal/gui;../../external/fpgui/framework/src/main/resources"/>
      <UnitOutputDirectory Value="../../../../../output/NexusScriptEditorDemo/$(TargetCPU)-$(TargetOS)/units"/>
    </SearchPaths>
    <Other><CustomOptions Value="-dGDI -WG -gl -Xe"/></Other>
  </CompilerOptions>
</CONFIG>
